
Microsoft Visual Studio Solution File, Format Version 12.00
# Visual Studio Version 17
VisualStudioVersion = 17.0.32014.148
MinimumVisualStudioVersion = 10.0.40219.1
Project("{FAE04EC0-301F-11D3-BF4B-00C04F79EFBC}") = "PlacesApp.Mobile.Android", "PlacesApp.Mobile\PlacesApp.Mobile.Android\PlacesApp.Mobile.Android.csproj", "{386F2722-D1A1-4B24-AEC7-81FCABFC9D31}"
EndProject
Project("{FAE04EC0-301F-11D3-BF4B-00C04F79EFBC}") = "PlacesApp.Mobile.iOS", "PlacesApp.Mobile\PlacesApp.Mobile.iOS\PlacesApp.Mobile.iOS.csproj", "{91611909-45E1-46EC-9C17-AD1843548A58}"
EndProject
Project("{FAE04EC0-301F-11D3-BF4B-00C04F79EFBC}") = "PlacesApp.Mobile", "PlacesApp.Mobile\PlacesApp.Mobile\PlacesApp.Mobile.csproj", "{A74D0BBE-F16F-4933-A964-0C717391BE4D}"
EndProject
Global
	GlobalSection(SolutionConfigurationPlatforms) = preSolution
		Debug|Any CPU = Debug|Any CPU
		Debug|iPhone = Debug|iPhone
		Debug|iPhoneSimulator = Debug|iPhoneSimulator
		Release|Any CPU = Release|Any CPU
		Release|iPhone = Release|iPhone
		Release|iPhoneSimulator = Release|iPhoneSimulator
	EndGlobalSection
	GlobalSection(ProjectConfigurationPlatforms) = postSolution
		{386F2722-D1A1-4B24-AEC7-81FCABFC9D31}.Debug|Any CPU.ActiveCfg = Debug|Any CPU
		{386F2722-D1A1-4B24-AEC7-81FCABFC9D31}.Debug|Any CPU.Build.0 = Debug|Any CPU
		{386F2722-D1A1-4B24-AEC7-81FCABFC9D31}.Debug|Any CPU.Deploy.0 = Debug|Any CPU
		{386F2722-D1A1-4B24-AEC7-81FCABFC9D31}.Debug|iPhone.ActiveCfg = Debug|Any CPU
		{386F2722-D1A1-4B24-AEC7-81FCABFC9D31}.Debug|iPhone.Build.0 = Debug|Any CPU
		{386F2722-D1A1-4B24-AEC7-81FCABFC9D31}.Debug|iPhone.Deploy.0 = Debug|Any CPU
		{386F2722-D1A1-4B24-AEC7-81FCABFC9D31}.Debug|iPhoneSimulator.ActiveCfg = Debug|Any CPU
		{386F2722-D1A1-4B24-AEC7-81FCABFC9D31}.Debug|iPhoneSimulator.Build.0 = Debug|Any CPU
		{386F2722-D1A1-4B24-AEC7-81FCABFC9D31}.Debug|iPhoneSimulator.Deploy.0 = Debug|Any CPU
		{386F2722-D1A1-4B24-AEC7-81FCABFC9D31}.Release|Any CPU.ActiveCfg = Release|Any CPU
		{386F2722-D1A1-4B24-AEC7-81FCABFC9D31}.Release|Any CPU.Build.0 = Release|Any CPU
		{386F2722-D1A1-4B24-AEC7-81FCABFC9D31}.Release|Any CPU.Deploy.0 = Release|Any CPU
		{386F2722-D1A1-4B24-AEC7-81FCABFC9D31}.Release|iPhone.ActiveCfg = Release|Any CPU
		{386F2722-D1A1-4B24-AEC7-81FCABFC9D31}.Release|iPhone.Build.0 = Release|Any CPU
		{386F2722-D1A1-4B24-AEC7-81FCABFC9D31}.Release|iPhone.Deploy.0 = Release|Any CPU
		{386F2722-D1A1-4B24-AEC7-81FCABFC9D31}.Release|iPhoneSimulator.ActiveCfg = Release|Any CPU
		{386F2722-D1A1-4B24-AEC7-81FCABFC9D31}.Release|iPhoneSimulator.Build.0 = Release|Any CPU
		{386F2722-D1A1-4B24-AEC7-81FCABFC9D31}.Release|iPhoneSimulator.Deploy.0 = Release|Any CPU
		{91611909-45E1-46EC-9C17-AD1843548A58}.Debug|Any CPU.ActiveCfg = Debug|iPhone
		{91611909-45E1-46EC-9C17-AD1843548A58}.Debug|Any CPU.Build.0 = Debug|iPhone
		{91611909-45E1-46EC-9C17-AD1843548A58}.Debug|Any CPU.Deploy.0 = Debug|iPhone
		{91611909-45E1-46EC-9C17-AD1843548A58}.Debug|iPhone.ActiveCfg = Debug|iPhone
		{91611909-45E1-46EC-9C17-AD1843548A58}.Debug|iPhone.Build.0 = Debug|iPhone
		{91611909-45E1-46EC-9C17-AD1843548A58}.Debug|iPhone.Deploy.0 = Debug|iPhone
		{91611909-45E1-46EC-9C17-AD1843548A58}.Debug|iPhoneSimulator.ActiveCfg = Debug|iPhoneSimulator
		{91611909-45E1-46EC-9C17-AD1843548A58}.Debug|iPhoneSimulator.Build.0 = Debug|iPhoneSimulator
		{91611909-45E1-46EC-9C17-AD1843548A58}.Debug|iPhoneSimulator.Deploy.0 = Debug|iPhoneSimulator
		{91611909-45E1-46EC-9C17-AD1843548A58}.Release|Any CPU.ActiveCfg = Release|iPhoneSimulator
		{91611909-45E1-46EC-9C17-AD1843548A58}.Release|Any CPU.Build.0 = Release|iPhoneSimulator
		{91611909-45E1-46EC-9C17-AD1843548A58}.Release|Any CPU.Deploy.0 = Release|iPhoneSimulator
		{91611909-45E1-46EC-9C17-AD1843548A58}.Release|iPhone.ActiveCfg = Release|iPhone
		{91611909-45E1-46EC-9C17-AD1843548A58}.Release|iPhone.Build.0 = Release|iPhone
		{91611909-45E1-46EC-9C17-AD1843548A58}.Release|iPhone.Deploy.0 = Release|iPhone
		{91611909-45E1-46EC-9C17-AD1843548A58}.Release|iPhoneSimulator.ActiveCfg = Release|iPhoneSimulator
		{91611909-45E1-46EC-9C17-AD1843548A58}.Release|iPhoneSimulator.Build.0 = Release|iPhoneSimulator
		{91611909-45E1-46EC-9C17-AD1843548A58}.Release|iPhoneSimulator.Deploy.0 = Release|iPhoneSimulator
		{A74D0BBE-F16F-4933-A964-0C717391BE4D}.Debug|Any CPU.ActiveCfg = Debug|Any CPU
		{A74D0BBE-F16F-4933-A964-0C717391BE4D}.Debug|Any CPU.Build.0 = Debug|Any CPU
		{A74D0BBE-F16F-4933-A964-0C717391BE4D}.Debug|Any CPU.Deploy.0 = Debug|Any CPU
		{A74D0BBE-F16F-4933-A964-0C717391BE4D}.Debug|iPhone.ActiveCfg = Debug|Any CPU
		{A74D0BBE-F16F-4933-A964-0C717391BE4D}.Debug|iPhone.Build.0 = Debug|Any CPU
		{A74D0BBE-F16F-4933-A964-0C717391BE4D}.Debug|iPhone.Deploy.0 = Debug|Any CPU
		{A74D0BBE-F16F-4933-A964-0C717391BE4D}.Debug|iPhoneSimulator.ActiveCfg = Debug|Any CPU
		{A74D0BBE-F16F-4933-A964-0C717391BE4D}.Debug|iPhoneSimulator.Build.0 = Debug|Any CPU
		{A74D0BBE-F16F-4933-A964-0C717391BE4D}.Debug|iPhoneSimulator.Deploy.0 = Debug|Any CPU
		{A74D0BBE-F16F-4933-A964-0C717391BE4D}.Release|Any CPU.ActiveCfg = Release|Any CPU
		{A74D0BBE-F16F-4933-A964-0C717391BE4D}.Release|Any CPU.Build.0 = Release|Any CPU
		{A74D0BBE-F16F-4933-A964-0C717391BE4D}.Release|Any CPU.Deploy.0 = Release|Any CPU
		{A74D0BBE-F16F-4933-A964-0C717391BE4D}.Release|iPhone.ActiveCfg = Release|Any CPU
		{A74D0BBE-F16F-4933-A964-0C717391BE4D}.Release|iPhone.Build.0 = Release|Any CPU
		{A74D0BBE-F16F-4933-A964-0C717391BE4D}.Release|iPhone.Deploy.0 = Release|Any CPU
		{A74D0BBE-F16F-4933-A964-0C717391BE4D}.Release|iPhoneSimulator.ActiveCfg = Release|Any CPU
		{A74D0BBE-F16F-4933-A964-0C717391BE4D}.Release|iPhoneSimulator.Build.0 = Release|Any CPU
		{A74D0BBE-F16F-4933-A964-0C717391BE4D}.Release|iPhoneSimulator.Deploy.0 = Release|Any CPU
	EndGlobalSection
	GlobalSection(SolutionProperties) = preSolution
		HideSolutionNode = FALSE
	EndGlobalSection
	GlobalSection(ExtensibilityGlobals) = postSolution
		SolutionGuid = {E8E86408-B5D3-4D56-9A6F-B1E270B32062}
	EndGlobalSection
EndGlobal
